Microsoft Visual Studio Solution File, Format Version 12.00
# Visual Studio Version 17
VisualStudioVersion = 17.5.2.0
MinimumVisualStudioVersion = 10.0.40219.1
Project("{FAE04EC0-301F-11D3-BF4B-00C04F79EFBC}") = "Chase", "Chase.csproj", "{D8ACBBA4-E22F-E285-AFF5-D99AC70B0F6A}"
EndProject
Project("{FAE04EC0-301F-11D3-BF4B-00C04F79EFBC}") = "System.ChaseModule.Test", "system.module-test.chase\System.ChaseModule.Test.csproj", "{F4430954-5D60-5E73-90BB-C41489D25FC8}"
EndProject
Global
	GlobalSection(SolutionConfigurationPlatforms) = preSolution
		Debug|Any CPU = Debug|Any CPU
		Release|Any CPU = Release|Any CPU
	EndGlobalSection
	GlobalSection(ProjectConfigurationPlatforms) = postSolution
		{D8ACBBA4-E22F-E285-AFF5-D99AC70B0F6A}.Debug|Any CPU.ActiveCfg = Debug|Any CPU
		{D8ACBBA4-E22F-E285-AFF5-D99AC70B0F6A}.Debug|Any CPU.Build.0 = Debug|Any CPU
		{D8ACBBA4-E22F-E285-AFF5-D99AC70B0F6A}.Release|Any CPU.ActiveCfg = Release|Any CPU
		{D8ACBBA4-E22F-E285-AFF5-D99AC70B0F6A}.Release|Any CPU.Build.0 = Release|Any CPU
		{F4430954-5D60-5E73-90BB-C41489D25FC8}.Debug|Any CPU.ActiveCfg = Debug|Any CPU
		{F4430954-5D60-5E73-90BB-C41489D25FC8}.Debug|Any CPU.Build.0 = Debug|Any CPU
		{F4430954-5D60-5E73-90BB-C41489D25FC8}.Release|Any CPU.ActiveCfg = Release|Any CPU
		{F4430954-5D60-5E73-90BB-C41489D25FC8}.Release|Any CPU.Build.0 = Release|Any CPU
	EndGlobalSection
	GlobalSection(SolutionProperties) = preSolution
		HideSolutionNode = FALSE
	EndGlobalSection
	GlobalSection(ExtensibilityGlobals) = postSolution
		SolutionGuid = {EFC97FBB-35BF-4719-A8CA-0F8937B8CD3F}
	EndGlobalSection
EndGlobal
