
Microsoft Visual Studio Solution File, Format Version 12.00
# Visual Studio 15
Project("{FAE04EC0-301F-11D3-BF4B-00C04F79EFBC}") = "Game.System", "Game.System.csproj", "{CDB9A9B0-5696-2E1D-370D-E1C81240FECC}"
EndProject
Project("{FAE04EC0-301F-11D3-BF4B-00C04F79EFBC}") = "Scripts.ThirdParty", "Scripts.ThirdParty.csproj", "{073BFE48-FE38-CCF3-ECBD-6629CC1A0BAE}"
EndProject
Project("{FAE04EC0-301F-11D3-BF4B-00C04F79EFBC}") = "EcsNode", "EcsNode.csproj", "{5084D5C8-023F-DA35-FA01-43C905311047}"
EndProject
Project("{FAE04EC0-301F-11D3-BF4B-00C04F79EFBC}") = "Game.Model", "Game.Model.csproj", "{AC27E181-5413-6052-760C-924A5747D688}"
EndProject
Project("{FAE04EC0-301F-11D3-BF4B-00C04F79EFBC}") = "Assembly-CSharp-Editor", "Assembly-CSharp-Editor.csproj", "{F284A57B-23F9-042E-1964-08D2B19385CB}"
EndProject
Project("{FAE04EC0-301F-11D3-BF4B-00C04F79EFBC}") = "Unity.ThirdParty", "Unity.ThirdParty.csproj", "{17D544FC-2588-826E-30D6-C1402D9924EC}"
EndProject
Project("{FAE04EC0-301F-11D3-BF4B-00C04F79EFBC}") = "Unity.MonoScripts", "Unity.MonoScripts.csproj", "{214C92EE-8995-83D7-6CD5-BE65F5360276}"
EndProject
Project("{FAE04EC0-301F-11D3-BF4B-00C04F79EFBC}") = "Assembly-CSharp", "Assembly-CSharp.csproj", "{9AE541A1-A7EA-01A6-B760-1CEB9FFC477F}"
EndProject
Project("{FAE04EC0-301F-11D3-BF4B-00C04F79EFBC}") = "Sirenix.OdinInspector.Modules.UnityMathematics", "Sirenix.OdinInspector.Modules.UnityMathematics.csproj", "{5EE583BE-EE66-DE7D-E7D6-929565A4C3A8}"
EndProject
Global
	GlobalSection(SolutionConfigurationPlatforms) = preSolution
		Debug|Any CPU = Debug|Any CPU
		Release|Any CPU = Release|Any CPU
	EndGlobalSection
	GlobalSection(ProjectConfigurationPlatforms) = postSolution
		{CDB9A9B0-5696-2E1D-370D-E1C81240FECC}.Debug|Any CPU.ActiveCfg = Debug|Any CPU
		{CDB9A9B0-5696-2E1D-370D-E1C81240FECC}.Debug|Any CPU.Build.0 = Debug|Any CPU
		{CDB9A9B0-5696-2E1D-370D-E1C81240FECC}.Release|Any CPU.ActiveCfg = Release|Any CPU
		{CDB9A9B0-5696-2E1D-370D-E1C81240FECC}.Release|Any CPU.Build.0 = Release|Any CPU
		{073BFE48-FE38-CCF3-ECBD-6629CC1A0BAE}.Debug|Any CPU.ActiveCfg = Debug|Any CPU
		{073BFE48-FE38-CCF3-ECBD-6629CC1A0BAE}.Debug|Any CPU.Build.0 = Debug|Any CPU
		{073BFE48-FE38-CCF3-ECBD-6629CC1A0BAE}.Release|Any CPU.ActiveCfg = Release|Any CPU
		{073BFE48-FE38-CCF3-ECBD-6629CC1A0BAE}.Release|Any CPU.Build.0 = Release|Any CPU
		{5084D5C8-023F-DA35-FA01-43C905311047}.Debug|Any CPU.ActiveCfg = Debug|Any CPU
		{5084D5C8-023F-DA35-FA01-43C905311047}.Debug|Any CPU.Build.0 = Debug|Any CPU
		{5084D5C8-023F-DA35-FA01-43C905311047}.Release|Any CPU.ActiveCfg = Release|Any CPU
		{5084D5C8-023F-DA35-FA01-43C905311047}.Release|Any CPU.Build.0 = Release|Any CPU
		{AC27E181-5413-6052-760C-924A5747D688}.Debug|Any CPU.ActiveCfg = Debug|Any CPU
		{AC27E181-5413-6052-760C-924A5747D688}.Debug|Any CPU.Build.0 = Debug|Any CPU
		{AC27E181-5413-6052-760C-924A5747D688}.Release|Any CPU.ActiveCfg = Release|Any CPU
		{AC27E181-5413-6052-760C-924A5747D688}.Release|Any CPU.Build.0 = Release|Any CPU
		{F284A57B-23F9-042E-1964-08D2B19385CB}.Debug|Any CPU.ActiveCfg = Debug|Any CPU
		{F284A57B-23F9-042E-1964-08D2B19385CB}.Debug|Any CPU.Build.0 = Debug|Any CPU
		{F284A57B-23F9-042E-1964-08D2B19385CB}.Release|Any CPU.ActiveCfg = Release|Any CPU
		{F284A57B-23F9-042E-1964-08D2B19385CB}.Release|Any CPU.Build.0 = Release|Any CPU
		{17D544FC-2588-826E-30D6-C1402D9924EC}.Debug|Any CPU.ActiveCfg = Debug|Any CPU
		{17D544FC-2588-826E-30D6-C1402D9924EC}.Debug|Any CPU.Build.0 = Debug|Any CPU
		{17D544FC-2588-826E-30D6-C1402D9924EC}.Release|Any CPU.ActiveCfg = Release|Any CPU
		{17D544FC-2588-826E-30D6-C1402D9924EC}.Release|Any CPU.Build.0 = Release|Any CPU
		{214C92EE-8995-83D7-6CD5-BE65F5360276}.Debug|Any CPU.ActiveCfg = Debug|Any CPU
		{214C92EE-8995-83D7-6CD5-BE65F5360276}.Debug|Any CPU.Build.0 = Debug|Any CPU
		{214C92EE-8995-83D7-6CD5-BE65F5360276}.Release|Any CPU.ActiveCfg = Release|Any CPU
		{214C92EE-8995-83D7-6CD5-BE65F5360276}.Release|Any CPU.Build.0 = Release|Any CPU
		{9AE541A1-A7EA-01A6-B760-1CEB9FFC477F}.Debug|Any CPU.ActiveCfg = Debug|Any CPU
		{9AE541A1-A7EA-01A6-B760-1CEB9FFC477F}.Debug|Any CPU.Build.0 = Debug|Any CPU
		{9AE541A1-A7EA-01A6-B760-1CEB9FFC477F}.Release|Any CPU.ActiveCfg = Release|Any CPU
		{9AE541A1-A7EA-01A6-B760-1CEB9FFC477F}.Release|Any CPU.Build.0 = Release|Any CPU
		{5EE583BE-EE66-DE7D-E7D6-929565A4C3A8}.Debug|Any CPU.ActiveCfg = Debug|Any CPU
		{5EE583BE-EE66-DE7D-E7D6-929565A4C3A8}.Debug|Any CPU.Build.0 = Debug|Any CPU
		{5EE583BE-EE66-DE7D-E7D6-929565A4C3A8}.Release|Any CPU.ActiveCfg = Release|Any CPU
		{5EE583BE-EE66-DE7D-E7D6-929565A4C3A8}.Release|Any CPU.Build.0 = Release|Any CPU
	EndGlobalSection
	GlobalSection(SolutionProperties) = preSolution
		HideSolutionNode = FALSE
	EndGlobalSection
EndGlobal
