
Microsoft Visual Studio Solution File, Format Version 12.00
# Visual Studio 15
Project("{FAE04EC0-301F-11D3-BF4B-00C04F79EFBC}") = "SingularityGroup.HotReload.Runtime", "SingularityGroup.HotReload.Runtime.csproj", "{E809F1C0-D789-01AE-97FD-7CAFC46DEB96}"
EndProject
Project("{FAE04EC0-301F-11D3-BF4B-00C04F79EFBC}") = "Game.Model", "Game.Model.csproj", "{55208220-039E-DBF7-4B31-91B002292179}"
EndProject
Project("{FAE04EC0-301F-11D3-BF4B-00C04F79EFBC}") = "SingularityGroup.HotReload.Editor", "SingularityGroup.HotReload.Editor.csproj", "{2F6EC487-2060-DF48-029E-CACB6DE879D0}"
EndProject
Project("{FAE04EC0-301F-11D3-BF4B-00C04F79EFBC}") = "Game.ThirdParty", "Game.ThirdParty.csproj", "{37F82DE0-CA50-9F0D-7DFB-E908F7C8BAE3}"
EndProject
Project("{FAE04EC0-301F-11D3-BF4B-00C04F79EFBC}") = "Game.System", "Game.System.csproj", "{22313916-6981-6C6F-65C9-32E14E4A395F}"
EndProject
Project("{FAE04EC0-301F-11D3-BF4B-00C04F79EFBC}") = "Unity.Scripts", "Unity.Scripts.csproj", "{EF696A6A-6F66-589D-8790-AE210F17AF17}"
EndProject
Project("{FAE04EC0-301F-11D3-BF4B-00C04F79EFBC}") = "Unity.EditorScripts", "Unity.EditorScripts.csproj", "{5D4EE132-C7A1-FCAC-B864-A31655890226}"
EndProject
Project("{FAE04EC0-301F-11D3-BF4B-00C04F79EFBC}") = "SingularityGroup.HotReload.Runtime.Public", "SingularityGroup.HotReload.Runtime.Public.csproj", "{5975A5BF-8F6F-6EC4-E827-11C104AA3CC5}"
EndProject
Project("{FAE04EC0-301F-11D3-BF4B-00C04F79EFBC}") = "Loxodon.Framework.Fody", "Loxodon.Framework.Fody.csproj", "{3DC4F648-DE2D-4861-A874-65F5274D185D}"
EndProject
Project("{FAE04EC0-301F-11D3-BF4B-00C04F79EFBC}") = "Unity.AppLoad", "Unity.AppLoad.csproj", "{5BC49642-A549-FF6B-7369-89812974801F}"
EndProject
Project("{FAE04EC0-301F-11D3-BF4B-00C04F79EFBC}") = "After.Fody", "After.Fody.csproj", "{DAEA32D4-51A0-FFFC-2549-53F6BA4C23E5}"
EndProject
Project("{FAE04EC0-301F-11D3-BF4B-00C04F79EFBC}") = "Sirenix.OdinInspector.Modules.UnityMathematics", "Sirenix.OdinInspector.Modules.UnityMathematics.csproj", "{B3B74E17-A756-2B94-C2E3-AE557045A8BC}"
EndProject
Global
	GlobalSection(SolutionConfigurationPlatforms) = preSolution
		Debug|Any CPU = Debug|Any CPU
		Release|Any CPU = Release|Any CPU
	EndGlobalSection
	GlobalSection(ProjectConfigurationPlatforms) = postSolution
		{E809F1C0-D789-01AE-97FD-7CAFC46DEB96}.Debug|Any CPU.ActiveCfg = Debug|Any CPU
		{E809F1C0-D789-01AE-97FD-7CAFC46DEB96}.Debug|Any CPU.Build.0 = Debug|Any CPU
		{E809F1C0-D789-01AE-97FD-7CAFC46DEB96}.Release|Any CPU.ActiveCfg = Release|Any CPU
		{E809F1C0-D789-01AE-97FD-7CAFC46DEB96}.Release|Any CPU.Build.0 = Release|Any CPU
		{55208220-039E-DBF7-4B31-91B002292179}.Debug|Any CPU.ActiveCfg = Debug|Any CPU
		{55208220-039E-DBF7-4B31-91B002292179}.Debug|Any CPU.Build.0 = Debug|Any CPU
		{55208220-039E-DBF7-4B31-91B002292179}.Release|Any CPU.ActiveCfg = Release|Any CPU
		{55208220-039E-DBF7-4B31-91B002292179}.Release|Any CPU.Build.0 = Release|Any CPU
		{2F6EC487-2060-DF48-029E-CACB6DE879D0}.Debug|Any CPU.ActiveCfg = Debug|Any CPU
		{2F6EC487-2060-DF48-029E-CACB6DE879D0}.Debug|Any CPU.Build.0 = Debug|Any CPU
		{2F6EC487-2060-DF48-029E-CACB6DE879D0}.Release|Any CPU.ActiveCfg = Release|Any CPU
		{2F6EC487-2060-DF48-029E-CACB6DE879D0}.Release|Any CPU.Build.0 = Release|Any CPU
		{37F82DE0-CA50-9F0D-7DFB-E908F7C8BAE3}.Debug|Any CPU.ActiveCfg = Debug|Any CPU
		{37F82DE0-CA50-9F0D-7DFB-E908F7C8BAE3}.Debug|Any CPU.Build.0 = Debug|Any CPU
		{37F82DE0-CA50-9F0D-7DFB-E908F7C8BAE3}.Release|Any CPU.ActiveCfg = Release|Any CPU
		{37F82DE0-CA50-9F0D-7DFB-E908F7C8BAE3}.Release|Any CPU.Build.0 = Release|Any CPU
		{22313916-6981-6C6F-65C9-32E14E4A395F}.Debug|Any CPU.ActiveCfg = Debug|Any CPU
		{22313916-6981-6C6F-65C9-32E14E4A395F}.Debug|Any CPU.Build.0 = Debug|Any CPU
		{22313916-6981-6C6F-65C9-32E14E4A395F}.Release|Any CPU.ActiveCfg = Release|Any CPU
		{22313916-6981-6C6F-65C9-32E14E4A395F}.Release|Any CPU.Build.0 = Release|Any CPU
		{EF696A6A-6F66-589D-8790-AE210F17AF17}.Debug|Any CPU.ActiveCfg = Debug|Any CPU
		{EF696A6A-6F66-589D-8790-AE210F17AF17}.Debug|Any CPU.Build.0 = Debug|Any CPU
		{EF696A6A-6F66-589D-8790-AE210F17AF17}.Release|Any CPU.ActiveCfg = Release|Any CPU
		{EF696A6A-6F66-589D-8790-AE210F17AF17}.Release|Any CPU.Build.0 = Release|Any CPU
		{5D4EE132-C7A1-FCAC-B864-A31655890226}.Debug|Any CPU.ActiveCfg = Debug|Any CPU
		{5D4EE132-C7A1-FCAC-B864-A31655890226}.Debug|Any CPU.Build.0 = Debug|Any CPU
		{5D4EE132-C7A1-FCAC-B864-A31655890226}.Release|Any CPU.ActiveCfg = Release|Any CPU
		{5D4EE132-C7A1-FCAC-B864-A31655890226}.Release|Any CPU.Build.0 = Release|Any CPU
		{5975A5BF-8F6F-6EC4-E827-11C104AA3CC5}.Debug|Any CPU.ActiveCfg = Debug|Any CPU
		{5975A5BF-8F6F-6EC4-E827-11C104AA3CC5}.Debug|Any CPU.Build.0 = Debug|Any CPU
		{5975A5BF-8F6F-6EC4-E827-11C104AA3CC5}.Release|Any CPU.ActiveCfg = Release|Any CPU
		{5975A5BF-8F6F-6EC4-E827-11C104AA3CC5}.Release|Any CPU.Build.0 = Release|Any CPU
		{3DC4F648-DE2D-4861-A874-65F5274D185D}.Debug|Any CPU.ActiveCfg = Debug|Any CPU
		{3DC4F648-DE2D-4861-A874-65F5274D185D}.Debug|Any CPU.Build.0 = Debug|Any CPU
		{3DC4F648-DE2D-4861-A874-65F5274D185D}.Release|Any CPU.ActiveCfg = Release|Any CPU
		{3DC4F648-DE2D-4861-A874-65F5274D185D}.Release|Any CPU.Build.0 = Release|Any CPU
		{5BC49642-A549-FF6B-7369-89812974801F}.Debug|Any CPU.ActiveCfg = Debug|Any CPU
		{5BC49642-A549-FF6B-7369-89812974801F}.Debug|Any CPU.Build.0 = Debug|Any CPU
		{5BC49642-A549-FF6B-7369-89812974801F}.Release|Any CPU.ActiveCfg = Release|Any CPU
		{5BC49642-A549-FF6B-7369-89812974801F}.Release|Any CPU.Build.0 = Release|Any CPU
		{DAEA32D4-51A0-FFFC-2549-53F6BA4C23E5}.Debug|Any CPU.ActiveCfg = Debug|Any CPU
		{DAEA32D4-51A0-FFFC-2549-53F6BA4C23E5}.Debug|Any CPU.Build.0 = Debug|Any CPU
		{DAEA32D4-51A0-FFFC-2549-53F6BA4C23E5}.Release|Any CPU.ActiveCfg = Release|Any CPU
		{DAEA32D4-51A0-FFFC-2549-53F6BA4C23E5}.Release|Any CPU.Build.0 = Release|Any CPU
		{B3B74E17-A756-2B94-C2E3-AE557045A8BC}.Debug|Any CPU.ActiveCfg = Debug|Any CPU
		{B3B74E17-A756-2B94-C2E3-AE557045A8BC}.Debug|Any CPU.Build.0 = Debug|Any CPU
		{B3B74E17-A756-2B94-C2E3-AE557045A8BC}.Release|Any CPU.ActiveCfg = Release|Any CPU
		{B3B74E17-A756-2B94-C2E3-AE557045A8BC}.Release|Any CPU.Build.0 = Release|Any CPU
	EndGlobalSection
	GlobalSection(SolutionProperties) = preSolution
		HideSolutionNode = FALSE
	EndGlobalSection
EndGlobal
