
Microsoft Visual Studio Solution File, Format Version 12.00
# Visual Studio 15
Project("{FAE04EC0-301F-11D3-BF4B-00C04F79EFBC}") = "SingularityGroup.HotReload.Runtime", "SingularityGroup.HotReload.Runtime.csproj", "{33F7BA29-6F7B-3E2F-F652-DA8EFB04BD89}"
EndProject
Project("{FAE04EC0-301F-11D3-BF4B-00C04F79EFBC}") = "SingularityGroup.HotReload.Editor", "SingularityGroup.HotReload.Editor.csproj", "{94329251-F181-DAAE-B1A3-0C0D4AD6BBCF}"
EndProject
Project("{FAE04EC0-301F-11D3-BF4B-00C04F79EFBC}") = "Game.ThirdParty", "Game.ThirdParty.csproj", "{1B71A01B-4D39-A2AD-572F-C45A76EC56E0}"
EndProject
Project("{FAE04EC0-301F-11D3-BF4B-00C04F79EFBC}") = "Unity.Scripts", "Unity.Scripts.csproj", "{07C67DC9-8299-AF25-4818-A3D341A4CCED}"
EndProject
Project("{FAE04EC0-301F-11D3-BF4B-00C04F79EFBC}") = "Unity.EditorScripts", "Unity.EditorScripts.csproj", "{1984A405-E1D6-291F-985A-9ACAA9CE8795}"
EndProject
Project("{FAE04EC0-301F-11D3-BF4B-00C04F79EFBC}") = "Game.Model", "Game.Model.csproj", "{AEAE566E-CDCB-3C96-7E3A-E3C589B085A5}"
EndProject
Project("{FAE04EC0-301F-11D3-BF4B-00C04F79EFBC}") = "Game.System", "Game.System.csproj", "{141BBE39-C0BB-FA39-5431-0E704062E182}"
EndProject
Project("{FAE04EC0-301F-11D3-BF4B-00C04F79EFBC}") = "SingularityGroup.HotReload.Runtime.Public", "SingularityGroup.HotReload.Runtime.Public.csproj", "{47889341-791A-C286-1D69-930AE9FFCCF2}"
EndProject
Project("{FAE04EC0-301F-11D3-BF4B-00C04F79EFBC}") = "Unity.AppLoad", "Unity.AppLoad.csproj", "{252A4BF8-59E6-4936-543F-8F1306CABD79}"
EndProject
Project("{FAE04EC0-301F-11D3-BF4B-00C04F79EFBC}") = "Sirenix.OdinInspector.Modules.UnityMathematics", "Sirenix.OdinInspector.Modules.UnityMathematics.csproj", "{D7873652-D2ED-8790-2DBC-945D5EF1AEF1}"
EndProject
Global
	GlobalSection(SolutionConfigurationPlatforms) = preSolution
		Debug|Any CPU = Debug|Any CPU
		Release|Any CPU = Release|Any CPU
	EndGlobalSection
	GlobalSection(ProjectConfigurationPlatforms) = postSolution
		{33F7BA29-6F7B-3E2F-F652-DA8EFB04BD89}.Debug|Any CPU.ActiveCfg = Debug|Any CPU
		{33F7BA29-6F7B-3E2F-F652-DA8EFB04BD89}.Debug|Any CPU.Build.0 = Debug|Any CPU
		{33F7BA29-6F7B-3E2F-F652-DA8EFB04BD89}.Release|Any CPU.ActiveCfg = Release|Any CPU
		{33F7BA29-6F7B-3E2F-F652-DA8EFB04BD89}.Release|Any CPU.Build.0 = Release|Any CPU
		{94329251-F181-DAAE-B1A3-0C0D4AD6BBCF}.Debug|Any CPU.ActiveCfg = Debug|Any CPU
		{94329251-F181-DAAE-B1A3-0C0D4AD6BBCF}.Debug|Any CPU.Build.0 = Debug|Any CPU
		{94329251-F181-DAAE-B1A3-0C0D4AD6BBCF}.Release|Any CPU.ActiveCfg = Release|Any CPU
		{94329251-F181-DAAE-B1A3-0C0D4AD6BBCF}.Release|Any CPU.Build.0 = Release|Any CPU
		{1B71A01B-4D39-A2AD-572F-C45A76EC56E0}.Debug|Any CPU.ActiveCfg = Debug|Any CPU
		{1B71A01B-4D39-A2AD-572F-C45A76EC56E0}.Debug|Any CPU.Build.0 = Debug|Any CPU
		{1B71A01B-4D39-A2AD-572F-C45A76EC56E0}.Release|Any CPU.ActiveCfg = Release|Any CPU
		{1B71A01B-4D39-A2AD-572F-C45A76EC56E0}.Release|Any CPU.Build.0 = Release|Any CPU
		{07C67DC9-8299-AF25-4818-A3D341A4CCED}.Debug|Any CPU.ActiveCfg = Debug|Any CPU
		{07C67DC9-8299-AF25-4818-A3D341A4CCED}.Debug|Any CPU.Build.0 = Debug|Any CPU
		{07C67DC9-8299-AF25-4818-A3D341A4CCED}.Release|Any CPU.ActiveCfg = Release|Any CPU
		{07C67DC9-8299-AF25-4818-A3D341A4CCED}.Release|Any CPU.Build.0 = Release|Any CPU
		{1984A405-E1D6-291F-985A-9ACAA9CE8795}.Debug|Any CPU.ActiveCfg = Debug|Any CPU
		{1984A405-E1D6-291F-985A-9ACAA9CE8795}.Debug|Any CPU.Build.0 = Debug|Any CPU
		{1984A405-E1D6-291F-985A-9ACAA9CE8795}.Release|Any CPU.ActiveCfg = Release|Any CPU
		{1984A405-E1D6-291F-985A-9ACAA9CE8795}.Release|Any CPU.Build.0 = Release|Any CPU
		{AEAE566E-CDCB-3C96-7E3A-E3C589B085A5}.Debug|Any CPU.ActiveCfg = Debug|Any CPU
		{AEAE566E-CDCB-3C96-7E3A-E3C589B085A5}.Debug|Any CPU.Build.0 = Debug|Any CPU
		{AEAE566E-CDCB-3C96-7E3A-E3C589B085A5}.Release|Any CPU.ActiveCfg = Release|Any CPU
		{AEAE566E-CDCB-3C96-7E3A-E3C589B085A5}.Release|Any CPU.Build.0 = Release|Any CPU
		{141BBE39-C0BB-FA39-5431-0E704062E182}.Debug|Any CPU.ActiveCfg = Debug|Any CPU
		{141BBE39-C0BB-FA39-5431-0E704062E182}.Debug|Any CPU.Build.0 = Debug|Any CPU
		{141BBE39-C0BB-FA39-5431-0E704062E182}.Release|Any CPU.ActiveCfg = Release|Any CPU
		{141BBE39-C0BB-FA39-5431-0E704062E182}.Release|Any CPU.Build.0 = Release|Any CPU
		{47889341-791A-C286-1D69-930AE9FFCCF2}.Debug|Any CPU.ActiveCfg = Debug|Any CPU
		{47889341-791A-C286-1D69-930AE9FFCCF2}.Debug|Any CPU.Build.0 = Debug|Any CPU
		{47889341-791A-C286-1D69-930AE9FFCCF2}.Release|Any CPU.ActiveCfg = Release|Any CPU
		{47889341-791A-C286-1D69-930AE9FFCCF2}.Release|Any CPU.Build.0 = Release|Any CPU
		{252A4BF8-59E6-4936-543F-8F1306CABD79}.Debug|Any CPU.ActiveCfg = Debug|Any CPU
		{252A4BF8-59E6-4936-543F-8F1306CABD79}.Debug|Any CPU.Build.0 = Debug|Any CPU
		{252A4BF8-59E6-4936-543F-8F1306CABD79}.Release|Any CPU.ActiveCfg = Release|Any CPU
		{252A4BF8-59E6-4936-543F-8F1306CABD79}.Release|Any CPU.Build.0 = Release|Any CPU
		{D7873652-D2ED-8790-2DBC-945D5EF1AEF1}.Debug|Any CPU.ActiveCfg = Debug|Any CPU
		{D7873652-D2ED-8790-2DBC-945D5EF1AEF1}.Debug|Any CPU.Build.0 = Debug|Any CPU
		{D7873652-D2ED-8790-2DBC-945D5EF1AEF1}.Release|Any CPU.ActiveCfg = Release|Any CPU
		{D7873652-D2ED-8790-2DBC-945D5EF1AEF1}.Release|Any CPU.Build.0 = Release|Any CPU
	EndGlobalSection
	GlobalSection(SolutionProperties) = preSolution
		HideSolutionNode = FALSE
	EndGlobalSection
EndGlobal
