Microsoft Visual Studio Solution File, Format Version 12.00
# Visual Studio Version 17
VisualStudioVersion = 17.5.2.0
MinimumVisualStudioVersion = 10.0.40219.1
Project("{FAE04EC0-301F-11D3-BF4B-00C04F79EFBC}") = "Task", "Task.csproj", "{A92E8A56-8D62-9542-6A7E-6B34D68CCCED}"
EndProject
Project("{FAE04EC0-301F-11D3-BF4B-00C04F79EFBC}") = "System.TaskModule.Test", "system.module-test.task\System.TaskModule.Test.csproj", "{D5C719D0-6C60-F709-2406-3296D0CF3A0B}"
EndProject
Global
	GlobalSection(SolutionConfigurationPlatforms) = preSolution
		Debug|Any CPU = Debug|Any CPU
		Release|Any CPU = Release|Any CPU
	EndGlobalSection
	GlobalSection(ProjectConfigurationPlatforms) = postSolution
		{A92E8A56-8D62-9542-6A7E-6B34D68CCCED}.Debug|Any CPU.ActiveCfg = Debug|Any CPU
		{A92E8A56-8D62-9542-6A7E-6B34D68CCCED}.Debug|Any CPU.Build.0 = Debug|Any CPU
		{A92E8A56-8D62-9542-6A7E-6B34D68CCCED}.Release|Any CPU.ActiveCfg = Release|Any CPU
		{A92E8A56-8D62-9542-6A7E-6B34D68CCCED}.Release|Any CPU.Build.0 = Release|Any CPU
		{D5C719D0-6C60-F709-2406-3296D0CF3A0B}.Debug|Any CPU.ActiveCfg = Debug|Any CPU
		{D5C719D0-6C60-F709-2406-3296D0CF3A0B}.Debug|Any CPU.Build.0 = Debug|Any CPU
		{D5C719D0-6C60-F709-2406-3296D0CF3A0B}.Release|Any CPU.ActiveCfg = Release|Any CPU
		{D5C719D0-6C60-F709-2406-3296D0CF3A0B}.Release|Any CPU.Build.0 = Release|Any CPU
	EndGlobalSection
	GlobalSection(SolutionProperties) = preSolution
		HideSolutionNode = FALSE
	EndGlobalSection
	GlobalSection(ExtensibilityGlobals) = postSolution
		SolutionGuid = {8A0A3D7D-1252-44CB-AB48-6219918A867A}
	EndGlobalSection
EndGlobal
